
Microsoft Visual Studio Solution File, Format Version 12.00
# Visual Studio 2015
Project("{FAE04EC0-301F-11D3-BF4B-00C04F79EFBC}") = "SaveTheSub.CSharp", "SaveTheSub.CSharp.csproj", "{7A2D94AA-1079-5EBF-09C2-6A3E9D3EF9C0}"
EndProject
Global
	GlobalSection(SolutionConfigurationPlatforms) = preSolution
		Debug|Any CPU = Debug|Any CPU
		Release|Any CPU = Release|Any CPU
	EndGlobalSection
	GlobalSection(ProjectConfigurationPlatforms) = postSolution
		{7A2D94AA-1079-5EBF-09C2-6A3E9D3EF9C0}.Debug|Any CPU.ActiveCfg = Debug|Any CPU
		{7A2D94AA-1079-5EBF-09C2-6A3E9D3EF9C0}.Debug|Any CPU.Build.0 = Debug|Any CPU
		{7A2D94AA-1079-5EBF-09C2-6A3E9D3EF9C0}.Release|Any CPU.ActiveCfg = Release|Any CPU
		{7A2D94AA-1079-5EBF-09C2-6A3E9D3EF9C0}.Release|Any CPU.Build.0 = Release|Any CPU
	EndGlobalSection
	GlobalSection(SolutionProperties) = preSolution
		HideSolutionNode = FALSE
	EndGlobalSection
EndGlobal
